// !$*UTF8*$!
{
	archiveVersion = 1;
	classes = {
	};
	objectVersion = 46;
	objects = {

/* Begin PBXBuildFile section */
		989BB95C166A73380042EB08 /* UIKit.framework in Frameworks */ = {isa = PBXBuildFile; fileRef = 989BB95B166A73380042EB08 /* UIKit.framework */; };
		989BB95E166A73380042EB08 /* Foundation.framework in Frameworks */ = {isa = PBXBuildFile; fileRef = 989BB95D166A73380042EB08 /* Foundation.framework */; };
		989BB960166A73380042EB08 /* CoreGraphics.framework in Frameworks */ = {isa = PBXBuildFile; fileRef = 989BB95F166A73380042EB08 /* CoreGraphics.framework */; };
		989BB966166A73380042EB08 /* InfoPlist.strings in Resources */ = {isa = PBXBuildFile; fileRef = 989BB964166A73380042EB08 /* InfoPlist.strings */; };
		989BB968166A73380042EB08 /* main.m in Sources */ = {isa = PBXBuildFile; fileRef = 989BB967166A73380042EB08 /* main.m */; };
		989BB96C166A73380042EB08 /* AppDelegate.m in Sources */ = {isa = PBXBuildFile; fileRef = 989BB96B166A73380042EB08 /* AppDelegate.m */; };
		989BB9CB166A74E20042EB08 /* MobileCoreServices.framework in Frameworks */ = {isa = PBXBuildFile; fileRef = 989BB9CA166A74E20042EB08 /* MobileCoreServices.framework */; };
		989BB9CD166A74EB0042EB08 /* SystemConfiguration.framework in Frameworks */ = {isa = PBXBuildFile; fileRef = 989BB9CC166A74EB0042EB08 /* SystemConfiguration.framework */; };
		989BB9CF166A74F30042EB08 /* Security.framework in Frameworks */ = {isa = PBXBuildFile; fileRef = 989BB9CE166A74F30042EB08 /* Security.framework */; };
		989BB9D1166A74FB0042EB08 /* CoreLocation.framework in Frameworks */ = {isa = PBXBuildFile; fileRef = 989BB9D0166A74FB0042EB08 /* CoreLocation.framework */; };
		989BB9D3166A75070042EB08 /* ImageIO.framework in Frameworks */ = {isa = PBXBuildFile; fileRef = 989BB9D2166A75070042EB08 /* ImageIO.framework */; };
		989BB9D5166A752A0042EB08 /* MapKit.framework in Frameworks */ = {isa = PBXBuildFile; fileRef = 989BB9D4166A752A0042EB08 /* MapKit.framework */; };
		989BB9E1166A79B20042EB08 /* UIColor+ICCategory.m in Sources */ = {isa = PBXBuildFile; fileRef = 989BB9E0166A79B20042EB08 /* UIColor+ICCategory.m */; };
		989BB9E4166A7A160042EB08 /* NSString+ICCategory.m in Sources */ = {isa = PBXBuildFile; fileRef = 989BB9E3166A7A160042EB08 /* NSString+ICCategory.m */; };
		989BB9E7166A7A7D0042EB08 /* UIDevice+Hardware.m in Sources */ = {isa = PBXBuildFile; fileRef = 989BB9E6166A7A7D0042EB08 /* UIDevice+Hardware.m */; };
		989BB9EA166A7B7F0042EB08 /* UIImage+ICCategory.m in Sources */ = {isa = PBXBuildFile; fileRef = 989BB9E9166A7B7E0042EB08 /* UIImage+ICCategory.m */; };
		989BB9F3166A7E7B0042EB08 /* HomeViewController.m in Sources */ = {isa = PBXBuildFile; fileRef = 989BB9F2166A7E7B0042EB08 /* HomeViewController.m */; };
		989BBA01166A8B8E0042EB08 /* NSData+ICCategory.m in Sources */ = {isa = PBXBuildFile; fileRef = 989BBA00166A8B8E0042EB08 /* NSData+ICCategory.m */; };
		989BBA05166A8C5C0042EB08 /* NSDate+ICCategory.m in Sources */ = {isa = PBXBuildFile; fileRef = 989BBA04166A8C5C0042EB08 /* NSDate+ICCategory.m */; };
		989E4D79166B3893006CEE37 /* ICLabel.m in Sources */ = {isa = PBXBuildFile; fileRef = 989E4D78166B3893006CEE37 /* ICLabel.m */; };
		989E4D93166B3AD2006CEE37 /* ICLabelDemo.m in Sources */ = {isa = PBXBuildFile; fileRef = 989E4D92166B3AD2006CEE37 /* ICLabelDemo.m */; };
		98B1C815166AE81A0023D23F /* ICZoomableImageView.m in Sources */ = {isa = PBXBuildFile; fileRef = 98B1C814166AE81A0023D23F /* ICZoomableImageView.m */; };
		98B1C894166AEF340023D23F /* AFHTTPClient.m in Sources */ = {isa = PBXBuildFile; fileRef = 98B1C862166AEF340023D23F /* AFHTTPClient.m */; settings = {COMPILER_FLAGS = "-fobjc-arc"; }; };
		98B1C895166AEF340023D23F /* AFHTTPRequestOperation.m in Sources */ = {isa = PBXBuildFile; fileRef = 98B1C864166AEF340023D23F /* AFHTTPRequestOperation.m */; settings = {COMPILER_FLAGS = "-fobjc-arc"; }; };
		98B1C896166AEF340023D23F /* AFImageRequestOperation.m in Sources */ = {isa = PBXBuildFile; fileRef = 98B1C866166AEF340023D23F /* AFImageRequestOperation.m */; settings = {COMPILER_FLAGS = "-fobjc-arc"; }; };
		98B1C897166AEF340023D23F /* AFJSONRequestOperation.m in Sources */ = {isa = PBXBuildFile; fileRef = 98B1C868166AEF340023D23F /* AFJSONRequestOperation.m */; settings = {COMPILER_FLAGS = "-fobjc-arc"; }; };
		98B1C898166AEF340023D23F /* AFNetworkActivityIndicatorManager.m in Sources */ = {isa = PBXBuildFile; fileRef = 98B1C86A166AEF340023D23F /* AFNetworkActivityIndicatorManager.m */; settings = {COMPILER_FLAGS = "-fobjc-arc"; }; };
		98B1C899166AEF340023D23F /* AFPropertyListRequestOperation.m in Sources */ = {isa = PBXBuildFile; fileRef = 98B1C86D166AEF340023D23F /* AFPropertyListRequestOperation.m */; settings = {COMPILER_FLAGS = "-fobjc-arc"; }; };
		98B1C89A166AEF340023D23F /* AFURLConnectionOperation.m in Sources */ = {isa = PBXBuildFile; fileRef = 98B1C86F166AEF340023D23F /* AFURLConnectionOperation.m */; settings = {COMPILER_FLAGS = "-fobjc-arc"; }; };
		98B1C89B166AEF340023D23F /* AFXMLRequestOperation.m in Sources */ = {isa = PBXBuildFile; fileRef = 98B1C871166AEF340023D23F /* AFXMLRequestOperation.m */; settings = {COMPILER_FLAGS = "-fobjc-arc"; }; };
		98B1C89C166AEF340023D23F /* UIImageView+AFNetworking.m in Sources */ = {isa = PBXBuildFile; fileRef = 98B1C873166AEF340023D23F /* UIImageView+AFNetworking.m */; settings = {COMPILER_FLAGS = "-fobjc-arc"; }; };
		98B1C89D166AEF340023D23F /* JSONKit.m in Sources */ = {isa = PBXBuildFile; fileRef = 98B1C876166AEF340023D23F /* JSONKit.m */; };
		98B1C89E166AEF340023D23F /* HudDemoViewController.m in Sources */ = {isa = PBXBuildFile; fileRef = 98B1C879166AEF340023D23F /* HudDemoViewController.m */; };
		98B1C89F166AEF340023D23F /* MBProgressHUD.m in Sources */ = {isa = PBXBuildFile; fileRef = 98B1C87B166AEF340023D23F /* MBProgressHUD.m */; };
		98B1C8A0166AEF340023D23F /* Reachability.m in Sources */ = {isa = PBXBuildFile; fileRef = 98B1C87E166AEF340023D23F /* Reachability.m */; };
		98B1C8A1166AEF340023D23F /* MKAnnotationView+WebCache.m in Sources */ = {isa = PBXBuildFile; fileRef = 98B1C881166AEF340023D23F /* MKAnnotationView+WebCache.m */; };
		98B1C8A2166AEF340023D23F /* SDImageCache.m in Sources */ = {isa = PBXBuildFile; fileRef = 98B1C883166AEF340023D23F /* SDImageCache.m */; };
		98B1C8A3166AEF340023D23F /* SDWebImageDecoder.m in Sources */ = {isa = PBXBuildFile; fileRef = 98B1C887166AEF340023D23F /* SDWebImageDecoder.m */; };
		98B1C8A4166AEF340023D23F /* SDWebImageDownloader.m in Sources */ = {isa = PBXBuildFile; fileRef = 98B1C889166AEF340023D23F /* SDWebImageDownloader.m */; };
		98B1C8A5166AEF340023D23F /* SDWebImageManager.m in Sources */ = {isa = PBXBuildFile; fileRef = 98B1C88C166AEF340023D23F /* SDWebImageManager.m */; };
		98B1C8A6166AEF340023D23F /* SDWebImagePrefetcher.m in Sources */ = {isa = PBXBuildFile; fileRef = 98B1C88F166AEF340023D23F /* SDWebImagePrefetcher.m */; };
		98B1C8A7166AEF340023D23F /* UIButton+WebCache.m in Sources */ = {isa = PBXBuildFile; fileRef = 98B1C891166AEF340023D23F /* UIButton+WebCache.m */; };
		98B1C8A8166AEF340023D23F /* UIImageView+WebCache.m in Sources */ = {isa = PBXBuildFile; fileRef = 98B1C893166AEF340023D23F /* UIImageView+WebCache.m */; };
		98B1C8AC166AF15B0023D23F /* test.jpg in Resources */ = {isa = PBXBuildFile; fileRef = 98B1C8AB166AF15B0023D23F /* test.jpg */; };
		98B1C8AE166AF1B40023D23F /* LocalizedString.strings in Resources */ = {isa = PBXBuildFile; fileRef = 98B1C8AD166AF1B40023D23F /* LocalizedString.strings */; };
		98B1C8B1166AF3F50023D23F /* ICViewController.m in Sources */ = {isa = PBXBuildFile; fileRef = 98B1C8B0166AF3F50023D23F /* ICViewController.m */; };
		98B1C8B4166AF47D0023D23F /* ICUIViewController.m in Sources */ = {isa = PBXBuildFile; fileRef = 98B1C8B3166AF47D0023D23F /* ICUIViewController.m */; };
		98B1C8B7166AF6070023D23F /* ICZoomableImageViewDemo.m in Sources */ = {isa = PBXBuildFile; fileRef = 98B1C8B6166AF6070023D23F /* ICZoomableImageViewDemo.m */; };
/* End PBXBuildFile section */

/* Begin PBXFileReference section */
		989BB957166A73380042EB08 /* iChanceSample.app */ = {isa = PBXFileReference; explicitFileType = wrapper.application; includeInIndex = 0; path = iChanceSample.app; sourceTree = BUILT_PRODUCTS_DIR; };
		989BB95B166A73380042EB08 /* UIKit.framework */ = {isa = PBXFileReference; lastKnownFileType = wrapper.framework; name = UIKit.framework; path = System/Library/Frameworks/UIKit.framework; sourceTree = SDKROOT; };
		989BB95D166A73380042EB08 /* Foundation.framework */ = {isa = PBXFileReference; lastKnownFileType = wrapper.framework; name = Foundation.framework; path = System/Library/Frameworks/Foundation.framework; sourceTree = SDKROOT; };
		989BB95F166A73380042EB08 /* CoreGraphics.framework */ = {isa = PBXFileReference; lastKnownFileType = wrapper.framework; name = CoreGraphics.framework; path = System/Library/Frameworks/CoreGraphics.framework; sourceTree = SDKROOT; };
		989BB963166A73380042EB08 /* iChanceSample-Info.plist */ = {isa = PBXFileReference; lastKnownFileType = text.plist.xml; path = "iChanceSample-Info.plist"; sourceTree = "<group>"; };
		989BB965166A73380042EB08 /* en */ = {isa = PBXFileReference; lastKnownFileType = text.plist.strings; name = en; path = en.lproj/InfoPlist.strings; sourceTree = "<group>"; };
		989BB967166A73380042EB08 /* main.m */ = {isa = PBXFileReference; lastKnownFileType = sourcecode.c.objc; path = main.m; sourceTree = "<group>"; };
		989BB969166A73380042EB08 /* iChanceSample-Prefix.pch */ = {isa = PBXFileReference; lastKnownFileType = sourcecode.c.h; path = "iChanceSample-Prefix.pch"; sourceTree = "<group>"; };
		989BB96A166A73380042EB08 /* AppDelegate.h */ = {isa = PBXFileReference; lastKnownFileType = sourcecode.c.h; path = AppDelegate.h; sourceTree = "<group>"; };
		989BB96B166A73380042EB08 /* AppDelegate.m */ = {isa = PBXFileReference; lastKnownFileType = sourcecode.c.objc; path = AppDelegate.m; sourceTree = "<group>"; };
		989BB9CA166A74E20042EB08 /* MobileCoreServices.framework */ = {isa = PBXFileReference; lastKnownFileType = wrapper.framework; name = MobileCoreServices.framework; path = System/Library/Frameworks/MobileCoreServices.framework; sourceTree = SDKROOT; };
		989BB9CC166A74EB0042EB08 /* SystemConfiguration.framework */ = {isa = PBXFileReference; lastKnownFileType = wrapper.framework; name = SystemConfiguration.framework; path = System/Library/Frameworks/SystemConfiguration.framework; sourceTree = SDKROOT; };
		989BB9CE166A74F30042EB08 /* Security.framework */ = {isa = PBXFileReference; lastKnownFileType = wrapper.framework; name = Security.framework; path = System/Library/Frameworks/Security.framework; sourceTree = SDKROOT; };
		989BB9D0166A74FB0042EB08 /* CoreLocation.framework */ = {isa = PBXFileReference; lastKnownFileType = wrapper.framework; name = CoreLocation.framework; path = System/Library/Frameworks/CoreLocation.framework; sourceTree = SDKROOT; };
		989BB9D2166A75070042EB08 /* ImageIO.framework */ = {isa = PBXFileReference; lastKnownFileType = wrapper.framework; name = ImageIO.framework; path = System/Library/Frameworks/ImageIO.framework; sourceTree = SDKROOT; };
		989BB9D4166A752A0042EB08 /* MapKit.framework */ = {isa = PBXFileReference; lastKnownFileType = wrapper.framework; name = MapKit.framework; path = System/Library/Frameworks/MapKit.framework; sourceTree = SDKROOT; };
		989BB9DF166A79B20042EB08 /* UIColor+ICCategory.h */ = {isa = PBXFileReference; fileEncoding = 4; lastKnownFileType = sourcecode.c.h; path = "UIColor+ICCategory.h"; sourceTree = "<group>"; };
		989BB9E0166A79B20042EB08 /* UIColor+ICCategory.m */ = {isa = PBXFileReference; fileEncoding = 4; lastKnownFileType = sourcecode.c.objc; path = "UIColor+ICCategory.m"; sourceTree = "<group>"; };
		989BB9E2166A7A160042EB08 /* NSString+ICCategory.h */ = {isa = PBXFileReference; fileEncoding = 4; lastKnownFileType = sourcecode.c.h; path = "NSString+ICCategory.h"; sourceTree = "<group>"; };
		989BB9E3166A7A160042EB08 /* NSString+ICCategory.m */ = {isa = PBXFileReference; fileEncoding = 4; lastKnownFileType = sourcecode.c.objc; path = "NSString+ICCategory.m"; sourceTree = "<group>"; };
		989BB9E5166A7A7D0042EB08 /* UIDevice+Hardware.h */ = {isa = PBXFileReference; fileEncoding = 4; lastKnownFileType = sourcecode.c.h; path = "UIDevice+Hardware.h"; sourceTree = "<group>"; };
		989BB9E6166A7A7D0042EB08 /* UIDevice+Hardware.m */ = {isa = PBXFileReference; fileEncoding = 4; lastKnownFileType = sourcecode.c.objc; path = "UIDevice+Hardware.m"; sourceTree = "<group>"; };
		989BB9E8166A7B7E0042EB08 /* UIImage+ICCategory.h */ = {isa = PBXFileReference; fileEncoding = 4; lastKnownFileType = sourcecode.c.h; path = "UIImage+ICCategory.h"; sourceTree = "<group>"; };
		989BB9E9166A7B7E0042EB08 /* UIImage+ICCategory.m */ = {isa = PBXFileReference; fileEncoding = 4; lastKnownFileType = sourcecode.c.objc; path = "UIImage+ICCategory.m"; sourceTree = "<group>"; };
		989BB9F1166A7E7B0042EB08 /* HomeViewController.h */ = {isa = PBXFileReference; fileEncoding = 4; lastKnownFileType = sourcecode.c.h; path = HomeViewController.h; sourceTree = "<group>"; };
		989BB9F2166A7E7B0042EB08 /* HomeViewController.m */ = {isa = PBXFileReference; fileEncoding = 4; lastKnownFileType = sourcecode.c.objc; path = HomeViewController.m; sourceTree = "<group>"; };
		989BB9FF166A8B8E0042EB08 /* NSData+ICCategory.h */ = {isa = PBXFileReference; fileEncoding = 4; lastKnownFileType = sourcecode.c.h; path = "NSData+ICCategory.h"; sourceTree = "<group>"; };
		989BBA00166A8B8E0042EB08 /* NSData+ICCategory.m */ = {isa = PBXFileReference; fileEncoding = 4; lastKnownFileType = sourcecode.c.objc; path = "NSData+ICCategory.m"; sourceTree = "<group>"; };
		989BBA03166A8C5C0042EB08 /* NSDate+ICCategory.h */ = {isa = PBXFileReference; fileEncoding = 4; lastKnownFileType = sourcecode.c.h; path = "NSDate+ICCategory.h"; sourceTree = "<group>"; };
		989BBA04166A8C5C0042EB08 /* NSDate+ICCategory.m */ = {isa = PBXFileReference; fileEncoding = 4; lastKnownFileType = sourcecode.c.objc; path = "NSDate+ICCategory.m"; sourceTree = "<group>"; };
		989E4D77166B3893006CEE37 /* ICLabel.h */ = {isa = PBXFileReference; fileEncoding = 4; lastKnownFileType = sourcecode.c.h; path = ICLabel.h; sourceTree = "<group>"; };
		989E4D78166B3893006CEE37 /* ICLabel.m */ = {isa = PBXFileReference; fileEncoding = 4; lastKnownFileType = sourcecode.c.objc; path = ICLabel.m; sourceTree = "<group>"; };
		989E4D91166B3AD1006CEE37 /* ICLabelDemo.h */ = {isa = PBXFileReference; fileEncoding = 4; lastKnownFileType = sourcecode.c.h; path = ICLabelDemo.h; sourceTree = "<group>"; };
		989E4D92166B3AD2006CEE37 /* ICLabelDemo.m */ = {isa = PBXFileReference; fileEncoding = 4; lastKnownFileType = sourcecode.c.objc; path = ICLabelDemo.m; sourceTree = "<group>"; };
		989E4D9A166B3E6B006CEE37 /* ICTools.h */ = {isa = PBXFileReference; fileEncoding = 4; lastKnownFileType = sourcecode.c.h; path = ICTools.h; sourceTree = "<group>"; };
		98B1C813166AE81A0023D23F /* ICZoomableImageView.h */ = {isa = PBXFileReference; fileEncoding = 4; lastKnownFileType = sourcecode.c.h; path = ICZoomableImageView.h; sourceTree = "<group>"; };
		98B1C814166AE81A0023D23F /* ICZoomableImageView.m */ = {isa = PBXFileReference; fileEncoding = 4; lastKnownFileType = sourcecode.c.objc; path = ICZoomableImageView.m; sourceTree = "<group>"; };
		98B1C861166AEF340023D23F /* AFHTTPClient.h */ = {isa = PBXFileReference; fileEncoding = 4; lastKnownFileType = sourcecode.c.h; path = AFHTTPClient.h; sourceTree = "<group>"; };
		98B1C862166AEF340023D23F /* AFHTTPClient.m */ = {isa = PBXFileReference; fileEncoding = 4; lastKnownFileType = sourcecode.c.objc; path = AFHTTPClient.m; sourceTree = "<group>"; };
		98B1C863166AEF340023D23F /* AFHTTPRequestOperation.h */ = {isa = PBXFileReference; fileEncoding = 4; lastKnownFileType = sourcecode.c.h; path = AFHTTPRequestOperation.h; sourceTree = "<group>"; };
		98B1C864166AEF340023D23F /* AFHTTPRequestOperation.m */ = {isa = PBXFileReference; fileEncoding = 4; lastKnownFileType = sourcecode.c.objc; path = AFHTTPRequestOperation.m; sourceTree = "<group>"; };
		98B1C865166AEF340023D23F /* AFImageRequestOperation.h */ = {isa = PBXFileReference; fileEncoding = 4; lastKnownFileType = sourcecode.c.h; path = AFImageRequestOperation.h; sourceTree = "<group>"; };
		98B1C866166AEF340023D23F /* AFImageRequestOperation.m */ = {isa = PBXFileReference; fileEncoding = 4; lastKnownFileType = sourcecode.c.objc; path = AFImageRequestOperation.m; sourceTree = "<group>"; };
		98B1C867166AEF340023D23F /* AFJSONRequestOperation.h */ = {isa = PBXFileReference; fileEncoding = 4; lastKnownFileType = sourcecode.c.h; path = AFJSONRequestOperation.h; sourceTree = "<group>"; };
		98B1C868166AEF340023D23F /* AFJSONRequestOperation.m */ = {isa = PBXFileReference; fileEncoding = 4; lastKnownFileType = sourcecode.c.objc; path = AFJSONRequestOperation.m; sourceTree = "<group>"; };
		98B1C869166AEF340023D23F /* AFNetworkActivityIndicatorManager.h */ = {isa = PBXFileReference; fileEncoding = 4; lastKnownFileType = sourcecode.c.h; path = AFNetworkActivityIndicatorManager.h; sourceTree = "<group>"; };
		98B1C86A166AEF340023D23F /* AFNetworkActivityIndicatorManager.m */ = {isa = PBXFileReference; fileEncoding = 4; lastKnownFileType = sourcecode.c.objc; path = AFNetworkActivityIndicatorManager.m; sourceTree = "<group>"; };
		98B1C86B166AEF340023D23F /* AFNetworking.h */ = {isa = PBXFileReference; fileEncoding = 4; lastKnownFileType = sourcecode.c.h; path = AFNetworking.h; sourceTree = "<group>"; };
		98B1C86C166AEF340023D23F /* AFPropertyListRequestOperation.h */ = {isa = PBXFileReference; fileEncoding = 4; lastKnownFileType = sourcecode.c.h; path = AFPropertyListRequestOperation.h; sourceTree = "<group>"; };
		98B1C86D166AEF340023D23F /* AFPropertyListRequestOperation.m */ = {isa = PBXFileReference; fileEncoding = 4; lastKnownFileType = sourcecode.c.objc; path = AFPropertyListRequestOperation.m; sourceTree = "<group>"; };
		98B1C86E166AEF340023D23F /* AFURLConnectionOperation.h */ = {isa = PBXFileReference; fileEncoding = 4; lastKnownFileType = sourcecode.c.h; path = AFURLConnectionOperation.h; sourceTree = "<group>"; };
		98B1C86F166AEF340023D23F /* AFURLConnectionOperation.m */ = {isa = PBXFileReference; fileEncoding = 4; lastKnownFileType = sourcecode.c.objc; path = AFURLConnectionOperation.m; sourceTree = "<group>"; };
		98B1C870166AEF340023D23F /* AFXMLRequestOperation.h */ = {isa = PBXFileReference; fileEncoding = 4; lastKnownFileType = sourcecode.c.h; path = AFXMLRequestOperation.h; sourceTree = "<group>"; };
		98B1C871166AEF340023D23F /* AFXMLRequestOperation.m */ = {isa = PBXFileReference; fileEncoding = 4; lastKnownFileType = sourcecode.c.objc; path = AFXMLRequestOperation.m; sourceTree = "<group>"; };
		98B1C872166AEF340023D23F /* UIImageView+AFNetworking.h */ = {isa = PBXFileReference; fileEncoding = 4; lastKnownFileType = sourcecode.c.h; path = "UIImageView+AFNetworking.h"; sourceTree = "<group>"; };
		98B1C873166AEF340023D23F /* UIImageView+AFNetworking.m */ = {isa = PBXFileReference; fileEncoding = 4; lastKnownFileType = sourcecode.c.objc; path = "UIImageView+AFNetworking.m"; sourceTree = "<group>"; };
		98B1C875166AEF340023D23F /* JSONKit.h */ = {isa = PBXFileReference; fileEncoding = 4; lastKnownFileType = sourcecode.c.h; path = JSONKit.h; sourceTree = "<group>"; };
		98B1C876166AEF340023D23F /* JSONKit.m */ = {isa = PBXFileReference; fileEncoding = 4; lastKnownFileType = sourcecode.c.objc; path = JSONKit.m; sourceTree = "<group>"; };
		98B1C878166AEF340023D23F /* HudDemoViewController.h */ = {isa = PBXFileReference; fileEncoding = 4; lastKnownFileType = sourcecode.c.h; path = HudDemoViewController.h; sourceTree = "<group>"; };
		98B1C879166AEF340023D23F /* HudDemoViewController.m */ = {isa = PBXFileReference; fileEncoding = 4; lastKnownFileType = sourcecode.c.objc; path = HudDemoViewController.m; sourceTree = "<group>"; };
		98B1C87A166AEF340023D23F /* MBProgressHUD.h */ = {isa = PBXFileReference; fileEncoding = 4; lastKnownFileType = sourcecode.c.h; path = MBProgressHUD.h; sourceTree = "<group>"; };
		98B1C87B166AEF340023D23F /* MBProgressHUD.m */ = {isa = PBXFileReference; fileEncoding = 4; lastKnownFileType = sourcecode.c.objc; path = MBProgressHUD.m; sourceTree = "<group>"; };
		98B1C87D166AEF340023D23F /* Reachability.h */ = {isa = PBXFileReference; fileEncoding = 4; lastKnownFileType = sourcecode.c.h; path = Reachability.h; sourceTree = "<group>"; };
		98B1C87E166AEF340023D23F /* Reachability.m */ = {isa = PBXFileReference; fileEncoding = 4; lastKnownFileType = sourcecode.c.objc; path = Reachability.m; sourceTree = "<group>"; };
		98B1C880166AEF340023D23F /* MKAnnotationView+WebCache.h */ = {isa = PBXFileReference; fileEncoding = 4; lastKnownFileType = sourcecode.c.h; path = "MKAnnotationView+WebCache.h"; sourceTree = "<group>"; };
		98B1C881166AEF340023D23F /* MKAnnotationView+WebCache.m */ = {isa = PBXFileReference; fileEncoding = 4; lastKnownFileType = sourcecode.c.objc; path = "MKAnnotationView+WebCache.m"; sourceTree = "<group>"; };
		98B1C882166AEF340023D23F /* SDImageCache.h */ = {isa = PBXFileReference; fileEncoding = 4; lastKnownFileType = sourcecode.c.h; path = SDImageCache.h; sourceTree = "<group>"; };
		98B1C883166AEF340023D23F /* SDImageCache.m */ = {isa = PBXFileReference; fileEncoding = 4; lastKnownFileType = sourcecode.c.objc; path = SDImageCache.m; sourceTree = "<group>"; };
		98B1C884166AEF340023D23F /* SDImageCacheDelegate.h */ = {isa = PBXFileReference; fileEncoding = 4; lastKnownFileType = sourcecode.c.h; path = SDImageCacheDelegate.h; sourceTree = "<group>"; };
		98B1C885166AEF340023D23F /* SDWebImageCompat.h */ = {isa = PBXFileReference; fileEncoding = 4; lastKnownFileType = sourcecode.c.h; path = SDWebImageCompat.h; sourceTree = "<group>"; };
		98B1C886166AEF340023D23F /* SDWebImageDecoder.h */ = {isa = PBXFileReference; fileEncoding = 4; lastKnownFileType = sourcecode.c.h; path = SDWebImageDecoder.h; sourceTree = "<group>"; };
		98B1C887166AEF340023D23F /* SDWebImageDecoder.m */ = {isa = PBXFileReference; fileEncoding = 4; lastKnownFileType = sourcecode.c.objc; path = SDWebImageDecoder.m; sourceTree = "<group>"; };
		98B1C888166AEF340023D23F /* SDWebImageDownloader.h */ = {isa = PBXFileReference; fileEncoding = 4; lastKnownFileType = sourcecode.c.h; path = SDWebImageDownloader.h; sourceTree = "<group>"; };
		98B1C889166AEF340023D23F /* SDWebImageDownloader.m */ = {isa = PBXFileReference; fileEncoding = 4; lastKnownFileType = sourcecode.c.objc; path = SDWebImageDownloader.m; sourceTree = "<group>"; };
		98B1C88A166AEF340023D23F /* SDWebImageDownloaderDelegate.h */ = {isa = PBXFileReference; fileEncoding = 4; lastKnownFileType = sourcecode.c.h; path = SDWebImageDownloaderDelegate.h; sourceTree = "<group>"; };
		98B1C88B166AEF340023D23F /* SDWebImageManager.h */ = {isa = PBXFileReference; fileEncoding = 4; lastKnownFileType = sourcecode.c.h; path = SDWebImageManager.h; sourceTree = "<group>"; };
		98B1C88C166AEF340023D23F /* SDWebImageManager.m */ = {isa = PBXFileReference; fileEncoding = 4; lastKnownFileType = sourcecode.c.objc; path = SDWebImageManager.m; sourceTree = "<group>"; };
		98B1C88D166AEF340023D23F /* SDWebImageManagerDelegate.h */ = {isa = PBXFileReference; fileEncoding = 4; lastKnownFileType = sourcecode.c.h; path = SDWebImageManagerDelegate.h; sourceTree = "<group>"; };
		98B1C88E166AEF340023D23F /* SDWebImagePrefetcher.h */ = {isa = PBXFileReference; fileEncoding = 4; lastKnownFileType = sourcecode.c.h; path = SDWebImagePrefetcher.h; sourceTree = "<group>"; };
		98B1C88F166AEF340023D23F /* SDWebImagePrefetcher.m */ = {isa = PBXFileReference; fileEncoding = 4; lastKnownFileType = sourcecode.c.objc; path = SDWebImagePrefetcher.m; sourceTree = "<group>"; };
		98B1C890166AEF340023D23F /* UIButton+WebCache.h */ = {isa = PBXFileReference; fileEncoding = 4; lastKnownFileType = sourcecode.c.h; path = "UIButton+WebCache.h"; sourceTree = "<group>"; };
		98B1C891166AEF340023D23F /* UIButton+WebCache.m */ = {isa = PBXFileReference; fileEncoding = 4; lastKnownFileType = sourcecode.c.objc; path = "UIButton+WebCache.m"; sourceTree = "<group>"; };
		98B1C892166AEF340023D23F /* UIImageView+WebCache.h */ = {isa = PBXFileReference; fileEncoding = 4; lastKnownFileType = sourcecode.c.h; path = "UIImageView+WebCache.h"; sourceTree = "<group>"; };
		98B1C893166AEF340023D23F /* UIImageView+WebCache.m */ = {isa = PBXFileReference; fileEncoding = 4; lastKnownFileType = sourcecode.c.objc; path = "UIImageView+WebCache.m"; sourceTree = "<group>"; };
		98B1C8AB166AF15B0023D23F /* test.jpg */ = {isa = PBXFileReference; lastKnownFileType = image.jpeg; path = test.jpg; sourceTree = "<group>"; };
		98B1C8AD166AF1B40023D23F /* LocalizedString.strings */ = {isa = PBXFileReference; fileEncoding = 4; lastKnownFileType = text.plist.strings; path = LocalizedString.strings; sourceTree = "<group>"; };
		98B1C8AF166AF3F50023D23F /* ICViewController.h */ = {isa = PBXFileReference; fileEncoding = 4; lastKnownFileType = sourcecode.c.h; path = ICViewController.h; sourceTree = "<group>"; };
		98B1C8B0166AF3F50023D23F /* ICViewController.m */ = {isa = PBXFileReference; fileEncoding = 4; lastKnownFileType = sourcecode.c.objc; path = ICViewController.m; sourceTree = "<group>"; };
		98B1C8B2166AF47D0023D23F /* ICUIViewController.h */ = {isa = PBXFileReference; fileEncoding = 4; lastKnownFileType = sourcecode.c.h; path = ICUIViewController.h; sourceTree = "<group>"; };
		98B1C8B3166AF47D0023D23F /* ICUIViewController.m */ = {isa = PBXFileReference; fileEncoding = 4; lastKnownFileType = sourcecode.c.objc; path = ICUIViewController.m; sourceTree = "<group>"; };
		98B1C8B5166AF6070023D23F /* ICZoomableImageViewDemo.h */ = {isa = PBXFileReference; fileEncoding = 4; lastKnownFileType = sourcecode.c.h; path = ICZoomableImageViewDemo.h; sourceTree = "<group>"; };
		98B1C8B6166AF6070023D23F /* ICZoomableImageViewDemo.m */ = {isa = PBXFileReference; fileEncoding = 4; lastKnownFileType = sourcecode.c.objc; path = ICZoomableImageViewDemo.m; sourceTree = "<group>"; };
/* End PBXFileReference section */

/* Begin PBXFrameworksBuildPhase section */
		989BB954166A73380042EB08 /* Frameworks */ = {
			isa = PBXFrameworksBuildPhase;
			buildActionMask = 2147483647;
			files = (
				989BB9D5166A752A0042EB08 /* MapKit.framework in Frameworks */,
				989BB9D3166A75070042EB08 /* ImageIO.framework in Frameworks */,
				989BB9D1166A74FB0042EB08 /* CoreLocation.framework in Frameworks */,
				989BB9CF166A74F30042EB08 /* Security.framework in Frameworks */,
				989BB9CD166A74EB0042EB08 /* SystemConfiguration.framework in Frameworks */,
				989BB9CB166A74E20042EB08 /* MobileCoreServices.framework in Frameworks */,
				989BB95C166A73380042EB08 /* UIKit.framework in Frameworks */,
				989BB95E166A73380042EB08 /* Foundation.framework in Frameworks */,
				989BB960166A73380042EB08 /* CoreGraphics.framework in Frameworks */,
			);
			runOnlyForDeploymentPostprocessing = 0;
		};
/* End PBXFrameworksBuildPhase section */

/* Begin PBXGroup section */
		989BB94C166A73370042EB08 = {
			isa = PBXGroup;
			children = (
				98B1C8A9166AF0EB0023D23F /* Resouce */,
				989BB97A166A74630042EB08 /* Depend */,
				989BB97C166A746C0042EB08 /* Src */,
				989BB961166A73380042EB08 /* iChanceSample */,
				989BB95A166A73380042EB08 /* Frameworks */,
				989BB958166A73380042EB08 /* Products */,
			);
			sourceTree = "<group>";
		};
		989BB958166A73380042EB08 /* Products */ = {
			isa = PBXGroup;
			children = (
				989BB957166A73380042EB08 /* iChanceSample.app */,
			);
			name = Products;
			sourceTree = "<group>";
		};
		989BB95A166A73380042EB08 /* Frameworks */ = {
			isa = PBXGroup;
			children = (
				989BB9D4166A752A0042EB08 /* MapKit.framework */,
				989BB9D2166A75070042EB08 /* ImageIO.framework */,
				989BB9D0166A74FB0042EB08 /* CoreLocation.framework */,
				989BB9CE166A74F30042EB08 /* Security.framework */,
				989BB9CC166A74EB0042EB08 /* SystemConfiguration.framework */,
				989BB9CA166A74E20042EB08 /* MobileCoreServices.framework */,
				989BB95B166A73380042EB08 /* UIKit.framework */,
				989BB95D166A73380042EB08 /* Foundation.framework */,
				989BB95F166A73380042EB08 /* CoreGraphics.framework */,
			);
			name = Frameworks;
			sourceTree = "<group>";
		};
		989BB961166A73380042EB08 /* iChanceSample */ = {
			isa = PBXGroup;
			children = (
				989E4D98166B3E3D006CEE37 /* Tools */,
				989BB9EC166A7D9C0042EB08 /* Network */,
				989BB9ED166A7DA60042EB08 /* UI */,
				989BB9EB166A7D810042EB08 /* Animation */,
				989BB9EE166A7DB50042EB08 /* Category */,
				989BB9F0166A7DF70042EB08 /* MainView */,
				989BB96A166A73380042EB08 /* AppDelegate.h */,
				989BB96B166A73380042EB08 /* AppDelegate.m */,
				989BB962166A73380042EB08 /* Supporting Files */,
			);
			path = iChanceSample;
			sourceTree = "<group>";
		};
		989BB962166A73380042EB08 /* Supporting Files */ = {
			isa = PBXGroup;
			children = (
				989BB963166A73380042EB08 /* iChanceSample-Info.plist */,
				989BB964166A73380042EB08 /* InfoPlist.strings */,
				989BB967166A73380042EB08 /* main.m */,
				989BB969166A73380042EB08 /* iChanceSample-Prefix.pch */,
				98B1C8AD166AF1B40023D23F /* LocalizedString.strings */,
			);
			name = "Supporting Files";
			sourceTree = "<group>";
		};
		989BB97A166A74630042EB08 /* Depend */ = {
			isa = PBXGroup;
			children = (
				98B1C860166AEF340023D23F /* AFNetworking */,
				98B1C874166AEF340023D23F /* JsonKit */,
				98B1C877166AEF340023D23F /* MBProgressHUD */,
				98B1C87C166AEF340023D23F /* Reachability */,
				98B1C87F166AEF340023D23F /* SDWebImage */,
			);
			name = Depend;
			sourceTree = "<group>";
		};
		989BB97C166A746C0042EB08 /* Src */ = {
			isa = PBXGroup;
			children = (
				989BB9DD166A79620042EB08 /* Network */,
				989BB9DE166A79620042EB08 /* UI */,
				989BB9DB166A79620042EB08 /* Animation */,
				989BB9DC166A79620042EB08 /* Category */,
			);
			name = Src;
			sourceTree = "<group>";
		};
		989BB9DB166A79620042EB08 /* Animation */ = {
			isa = PBXGroup;
			children = (
			);
			name = Animation;
			path = ../Src/Animation;
			sourceTree = "<group>";
		};
		989BB9DC166A79620042EB08 /* Category */ = {
			isa = PBXGroup;
			children = (
				989BB9DF166A79B20042EB08 /* UIColor+ICCategory.h */,
				989BB9E0166A79B20042EB08 /* UIColor+ICCategory.m */,
				989BB9E2166A7A160042EB08 /* NSString+ICCategory.h */,
				989BB9E3166A7A160042EB08 /* NSString+ICCategory.m */,
				989BB9E5166A7A7D0042EB08 /* UIDevice+Hardware.h */,
				989BB9E6166A7A7D0042EB08 /* UIDevice+Hardware.m */,
				989BB9E8166A7B7E0042EB08 /* UIImage+ICCategory.h */,
				989BB9E9166A7B7E0042EB08 /* UIImage+ICCategory.m */,
				989BB9FF166A8B8E0042EB08 /* NSData+ICCategory.h */,
				989BBA00166A8B8E0042EB08 /* NSData+ICCategory.m */,
				989BBA03166A8C5C0042EB08 /* NSDate+ICCategory.h */,
				989BBA04166A8C5C0042EB08 /* NSDate+ICCategory.m */,
			);
			name = Category;
			path = ../Src/Category;
			sourceTree = "<group>";
		};
		989BB9DD166A79620042EB08 /* Network */ = {
			isa = PBXGroup;
			children = (
			);
			name = Network;
			path = ../Src/Network;
			sourceTree = "<group>";
		};
		989BB9DE166A79620042EB08 /* UI */ = {
			isa = PBXGroup;
			children = (
				98B1C813166AE81A0023D23F /* ICZoomableImageView.h */,
				98B1C814166AE81A0023D23F /* ICZoomableImageView.m */,
				989E4D77166B3893006CEE37 /* ICLabel.h */,
				989E4D78166B3893006CEE37 /* ICLabel.m */,
			);
			name = UI;
			path = ../Src/UI;
			sourceTree = "<group>";
		};
		989BB9EB166A7D810042EB08 /* Animation */ = {
			isa = PBXGroup;
			children = (
			);
			name = Animation;
			sourceTree = "<group>";
		};
		989BB9EC166A7D9C0042EB08 /* Network */ = {
			isa = PBXGroup;
			children = (
			);
			name = Network;
			sourceTree = "<group>";
		};
		989BB9ED166A7DA60042EB08 /* UI */ = {
			isa = PBXGroup;
			children = (
				98B1C8B2166AF47D0023D23F /* ICUIViewController.h */,
				98B1C8B3166AF47D0023D23F /* ICUIViewController.m */,
				98B1C8B5166AF6070023D23F /* ICZoomableImageViewDemo.h */,
				98B1C8B6166AF6070023D23F /* ICZoomableImageViewDemo.m */,
				989E4D91166B3AD1006CEE37 /* ICLabelDemo.h */,
				989E4D92166B3AD2006CEE37 /* ICLabelDemo.m */,
			);
			name = UI;
			sourceTree = "<group>";
		};
		989BB9EE166A7DB50042EB08 /* Category */ = {
			isa = PBXGroup;
			children = (
			);
			name = Category;
			sourceTree = "<group>";
		};
		989BB9F0166A7DF70042EB08 /* MainView */ = {
			isa = PBXGroup;
			children = (
				98B1C8AF166AF3F50023D23F /* ICViewController.h */,
				98B1C8B0166AF3F50023D23F /* ICViewController.m */,
				989BB9F1166A7E7B0042EB08 /* HomeViewController.h */,
				989BB9F2166A7E7B0042EB08 /* HomeViewController.m */,
			);
			name = MainView;
			sourceTree = "<group>";
		};
		989E4D98166B3E3D006CEE37 /* Tools */ = {
			isa = PBXGroup;
			children = (
				989E4D9A166B3E6B006CEE37 /* ICTools.h */,
			);
			name = Tools;
			sourceTree = "<group>";
		};
		98B1C860166AEF340023D23F /* AFNetworking */ = {
			isa = PBXGroup;
			children = (
				98B1C861166AEF340023D23F /* AFHTTPClient.h */,
				98B1C862166AEF340023D23F /* AFHTTPClient.m */,
				98B1C863166AEF340023D23F /* AFHTTPRequestOperation.h */,
				98B1C864166AEF340023D23F /* AFHTTPRequestOperation.m */,
				98B1C865166AEF340023D23F /* AFImageRequestOperation.h */,
				98B1C866166AEF340023D23F /* AFImageRequestOperation.m */,
				98B1C867166AEF340023D23F /* AFJSONRequestOperation.h */,
				98B1C868166AEF340023D23F /* AFJSONRequestOperation.m */,
				98B1C869166AEF340023D23F /* AFNetworkActivityIndicatorManager.h */,
				98B1C86A166AEF340023D23F /* AFNetworkActivityIndicatorManager.m */,
				98B1C86B166AEF340023D23F /* AFNetworking.h */,
				98B1C86C166AEF340023D23F /* AFPropertyListRequestOperation.h */,
				98B1C86D166AEF340023D23F /* AFPropertyListRequestOperation.m */,
				98B1C86E166AEF340023D23F /* AFURLConnectionOperation.h */,
				98B1C86F166AEF340023D23F /* AFURLConnectionOperation.m */,
				98B1C870166AEF340023D23F /* AFXMLRequestOperation.h */,
				98B1C871166AEF340023D23F /* AFXMLRequestOperation.m */,
				98B1C872166AEF340023D23F /* UIImageView+AFNetworking.h */,
				98B1C873166AEF340023D23F /* UIImageView+AFNetworking.m */,
			);
			name = AFNetworking;
			path = ../Depend/AFNetworking;
			sourceTree = "<group>";
		};
		98B1C874166AEF340023D23F /* JsonKit */ = {
			isa = PBXGroup;
			children = (
				98B1C875166AEF340023D23F /* JSONKit.h */,
				98B1C876166AEF340023D23F /* JSONKit.m */,
			);
			name = JsonKit;
			path = ../Depend/JsonKit;
			sourceTree = "<group>";
		};
		98B1C877166AEF340023D23F /* MBProgressHUD */ = {
			isa = PBXGroup;
			children = (
				98B1C878166AEF340023D23F /* HudDemoViewController.h */,
				98B1C879166AEF340023D23F /* HudDemoViewController.m */,
				98B1C87A166AEF340023D23F /* MBProgressHUD.h */,
				98B1C87B166AEF340023D23F /* MBProgressHUD.m */,
			);
			name = MBProgressHUD;
			path = ../Depend/MBProgressHUD;
			sourceTree = "<group>";
		};
		98B1C87C166AEF340023D23F /* Reachability */ = {
			isa = PBXGroup;
			children = (
				98B1C87D166AEF340023D23F /* Reachability.h */,
				98B1C87E166AEF340023D23F /* Reachability.m */,
			);
			name = Reachability;
			path = ../Depend/Reachability;
			sourceTree = "<group>";
		};
		98B1C87F166AEF340023D23F /* SDWebImage */ = {
			isa = PBXGroup;
			children = (
				98B1C880166AEF340023D23F /* MKAnnotationView+WebCache.h */,
				98B1C881166AEF340023D23F /* MKAnnotationView+WebCache.m */,
				98B1C882166AEF340023D23F /* SDImageCache.h */,
				98B1C883166AEF340023D23F /* SDImageCache.m */,
				98B1C884166AEF340023D23F /* SDImageCacheDelegate.h */,
				98B1C885166AEF340023D23F /* SDWebImageCompat.h */,
				98B1C886166AEF340023D23F /* SDWebImageDecoder.h */,
				98B1C887166AEF340023D23F /* SDWebImageDecoder.m */,
				98B1C888166AEF340023D23F /* SDWebImageDownloader.h */,
				98B1C889166AEF340023D23F /* SDWebImageDownloader.m */,
				98B1C88A166AEF340023D23F /* SDWebImageDownloaderDelegate.h */,
				98B1C88B166AEF340023D23F /* SDWebImageManager.h */,
				98B1C88C166AEF340023D23F /* SDWebImageManager.m */,
				98B1C88D166AEF340023D23F /* SDWebImageManagerDelegate.h */,
				98B1C88E166AEF340023D23F /* SDWebImagePrefetcher.h */,
				98B1C88F166AEF340023D23F /* SDWebImagePrefetcher.m */,
				98B1C890166AEF340023D23F /* UIButton+WebCache.h */,
				98B1C891166AEF340023D23F /* UIButton+WebCache.m */,
				98B1C892166AEF340023D23F /* UIImageView+WebCache.h */,
				98B1C893166AEF340023D23F /* UIImageView+WebCache.m */,
			);
			name = SDWebImage;
			path = ../Depend/SDWebImage;
			sourceTree = "<group>";
		};
		98B1C8A9166AF0EB0023D23F /* Resouce */ = {
			isa = PBXGroup;
			children = (
				98B1C8AA166AF15B0023D23F /* image */,
			);
			name = Resouce;
			path = ../Resouce;
			sourceTree = "<group>";
		};
		98B1C8AA166AF15B0023D23F /* image */ = {
			isa = PBXGroup;
			children = (
				98B1C8AB166AF15B0023D23F /* test.jpg */,
			);
			path = image;
			sourceTree = "<group>";
		};
/* End PBXGroup section */

/* Begin PBXNativeTarget section */
		989BB956166A73380042EB08 /* iChanceSample */ = {
			isa = PBXNativeTarget;
			buildConfigurationList = 989BB96F166A73380042EB08 /* Build configuration list for PBXNativeTarget "iChanceSample" */;
			buildPhases = (
				989BB953166A73380042EB08 /* Sources */,
				989BB954166A73380042EB08 /* Frameworks */,
				989BB955166A73380042EB08 /* Resources */,
			);
			buildRules = (
			);
			dependencies = (
			);
			name = iChanceSample;
			productName = iChanceSample;
			productReference = 989BB957166A73380042EB08 /* iChanceSample.app */;
			productType = "com.apple.product-type.application";
		};
/* End PBXNativeTarget section */

/* Begin PBXProject section */
		989BB94E166A73370042EB08 /* Project object */ = {
			isa = PBXProject;
			attributes = {
				LastUpgradeCheck = 0430;
			};
			buildConfigurationList = 989BB951166A73370042EB08 /* Build configuration list for PBXProject "iChanceSample" */;
			compatibilityVersion = "Xcode 3.2";
			developmentRegion = English;
			hasScannedForEncodings = 0;
			knownRegions = (
				en,
			);
			mainGroup = 989BB94C166A73370042EB08;
			productRefGroup = 989BB958166A73380042EB08 /* Products */;
			projectDirPath = "";
			projectRoot = "";
			targets = (
				989BB956166A73380042EB08 /* iChanceSample */,
			);
		};
/* End PBXProject section */

/* Begin PBXResourcesBuildPhase section */
		989BB955166A73380042EB08 /* Resources */ = {
			isa = PBXResourcesBuildPhase;
			buildActionMask = 2147483647;
			files = (
				989BB966166A73380042EB08 /* InfoPlist.strings in Resources */,
				98B1C8AC166AF15B0023D23F /* test.jpg in Resources */,
				98B1C8AE166AF1B40023D23F /* LocalizedString.strings in Resources */,
			);
			runOnlyForDeploymentPostprocessing = 0;
		};
/* End PBXResourcesBuildPhase section */

/* Begin PBXSourcesBuildPhase section */
		989BB953166A73380042EB08 /* Sources */ = {
			isa = PBXSourcesBuildPhase;
			buildActionMask = 2147483647;
			files = (
				989BB968166A73380042EB08 /* main.m in Sources */,
				989BB96C166A73380042EB08 /* AppDelegate.m in Sources */,
				989BB9E1166A79B20042EB08 /* UIColor+ICCategory.m in Sources */,
				989BB9E4166A7A160042EB08 /* NSString+ICCategory.m in Sources */,
				989BB9E7166A7A7D0042EB08 /* UIDevice+Hardware.m in Sources */,
				989BB9EA166A7B7F0042EB08 /* UIImage+ICCategory.m in Sources */,
				989BB9F3166A7E7B0042EB08 /* HomeViewController.m in Sources */,
				989BBA01166A8B8E0042EB08 /* NSData+ICCategory.m in Sources */,
				989BBA05166A8C5C0042EB08 /* NSDate+ICCategory.m in Sources */,
				98B1C815166AE81A0023D23F /* ICZoomableImageView.m in Sources */,
				98B1C894166AEF340023D23F /* AFHTTPClient.m in Sources */,
				98B1C895166AEF340023D23F /* AFHTTPRequestOperation.m in Sources */,
				98B1C896166AEF340023D23F /* AFImageRequestOperation.m in Sources */,
				98B1C897166AEF340023D23F /* AFJSONRequestOperation.m in Sources */,
				98B1C898166AEF340023D23F /* AFNetworkActivityIndicatorManager.m in Sources */,
				98B1C899166AEF340023D23F /* AFPropertyListRequestOperation.m in Sources */,
				98B1C89A166AEF340023D23F /* AFURLConnectionOperation.m in Sources */,
				98B1C89B166AEF340023D23F /* AFXMLRequestOperation.m in Sources */,
				98B1C89C166AEF340023D23F /* UIImageView+AFNetworking.m in Sources */,
				98B1C89D166AEF340023D23F /* JSONKit.m in Sources */,
				98B1C89E166AEF340023D23F /* HudDemoViewController.m in Sources */,
				98B1C89F166AEF340023D23F /* MBProgressHUD.m in Sources */,
				98B1C8A0166AEF340023D23F /* Reachability.m in Sources */,
				98B1C8A1166AEF340023D23F /* MKAnnotationView+WebCache.m in Sources */,
				98B1C8A2166AEF340023D23F /* SDImageCache.m in Sources */,
				98B1C8A3166AEF340023D23F /* SDWebImageDecoder.m in Sources */,
				98B1C8A4166AEF340023D23F /* SDWebImageDownloader.m in Sources */,
				98B1C8A5166AEF340023D23F /* SDWebImageManager.m in Sources */,
				98B1C8A6166AEF340023D23F /* SDWebImagePrefetcher.m in Sources */,
				98B1C8A7166AEF340023D23F /* UIButton+WebCache.m in Sources */,
				98B1C8A8166AEF340023D23F /* UIImageView+WebCache.m in Sources */,
				98B1C8B1166AF3F50023D23F /* ICViewController.m in Sources */,
				98B1C8B4166AF47D0023D23F /* ICUIViewController.m in Sources */,
				98B1C8B7166AF6070023D23F /* ICZoomableImageViewDemo.m in Sources */,
				989E4D79166B3893006CEE37 /* ICLabel.m in Sources */,
				989E4D93166B3AD2006CEE37 /* ICLabelDemo.m in Sources */,
			);
			runOnlyForDeploymentPostprocessing = 0;
		};
/* End PBXSourcesBuildPhase section */

/* Begin PBXVariantGroup section */
		989BB964166A73380042EB08 /* InfoPlist.strings */ = {
			isa = PBXVariantGroup;
			children = (
				989BB965166A73380042EB08 /* en */,
			);
			name = InfoPlist.strings;
			sourceTree = "<group>";
		};
/* End PBXVariantGroup section */

/* Begin XCBuildConfiguration section */
		989BB96D166A73380042EB08 /* Debug */ = {
			isa = XCBuildConfiguration;
			buildSettings = {
				ALWAYS_SEARCH_USER_PATHS = NO;
				ARCHS = "$(ARCHS_STANDARD_32_BIT)";
				"CODE_SIGN_IDENTITY[sdk=iphoneos*]" = "iPhone Developer";
				COPY_PHASE_STRIP = NO;
				GCC_C_LANGUAGE_STANDARD = gnu99;
				GCC_DYNAMIC_NO_PIC = NO;
				GCC_OPTIMIZATION_LEVEL = 0;
				GCC_PREPROCESSOR_DEFINITIONS = (
					"DEBUG=1",
					"$(inherited)",
				);
				GCC_SYMBOLS_PRIVATE_EXTERN = NO;
				GCC_VERSION = com.apple.compilers.llvm.clang.1_0;
				GCC_WARN_ABOUT_RETURN_TYPE = YES;
				GCC_WARN_UNINITIALIZED_AUTOS = YES;
				GCC_WARN_UNUSED_VARIABLE = YES;
				IPHONEOS_DEPLOYMENT_TARGET = 5.0;
				SDKROOT = iphoneos;
			};
			name = Debug;
		};
		989BB96E166A73380042EB08 /* Release */ = {
			isa = XCBuildConfiguration;
			buildSettings = {
				ALWAYS_SEARCH_USER_PATHS = NO;
				ARCHS = "$(ARCHS_STANDARD_32_BIT)";
				"CODE_SIGN_IDENTITY[sdk=iphoneos*]" = "iPhone Developer";
				COPY_PHASE_STRIP = YES;
				GCC_C_LANGUAGE_STANDARD = gnu99;
				GCC_VERSION = com.apple.compilers.llvm.clang.1_0;
				GCC_WARN_ABOUT_RETURN_TYPE = YES;
				GCC_WARN_UNINITIALIZED_AUTOS = YES;
				GCC_WARN_UNUSED_VARIABLE = YES;
				IPHONEOS_DEPLOYMENT_TARGET = 5.0;
				OTHER_CFLAGS = "-DNS_BLOCK_ASSERTIONS=1";
				SDKROOT = iphoneos;
				VALIDATE_PRODUCT = YES;
			};
			name = Release;
		};
		989BB970166A73380042EB08 /* Debug */ = {
			isa = XCBuildConfiguration;
			buildSettings = {
				GCC_PRECOMPILE_PREFIX_HEADER = YES;
				GCC_PREFIX_HEADER = "iChanceSample/iChanceSample-Prefix.pch";
				INFOPLIST_FILE = "iChanceSample/iChanceSample-Info.plist";
				PRODUCT_NAME = "$(TARGET_NAME)";
				WRAPPER_EXTENSION = app;
			};
			name = Debug;
		};
		989BB971166A73380042EB08 /* Release */ = {
			isa = XCBuildConfiguration;
			buildSettings = {
				GCC_PRECOMPILE_PREFIX_HEADER = YES;
				GCC_PREFIX_HEADER = "iChanceSample/iChanceSample-Prefix.pch";
				INFOPLIST_FILE = "iChanceSample/iChanceSample-Info.plist";
				PRODUCT_NAME = "$(TARGET_NAME)";
				WRAPPER_EXTENSION = app;
			};
			name = Release;
		};
/* End XCBuildConfiguration section */

/* Begin XCConfigurationList section */
		989BB951166A73370042EB08 /* Build configuration list for PBXProject "iChanceSample" */ = {
			isa = XCConfigurationList;
			buildConfigurations = (
				989BB96D166A73380042EB08 /* Debug */,
				989BB96E166A73380042EB08 /* Release */,
			);
			defaultConfigurationIsVisible = 0;
			defaultConfigurationName = Release;
		};
		989BB96F166A73380042EB08 /* Build configuration list for PBXNativeTarget "iChanceSample" */ = {
			isa = XCConfigurationList;
			buildConfigurations = (
				989BB970166A73380042EB08 /* Debug */,
				989BB971166A73380042EB08 /* Release */,
			);
			defaultConfigurationIsVisible = 0;
			defaultConfigurationName = Release;
		};
/* End XCConfigurationList section */
	};
	rootObject = 989BB94E166A73370042EB08 /* Project object */;
}
